github.com/brianvoe/gofakeit/v7 v7.3.0 h1:TWStf7/lLpAjKw+bqwzeORo9jvrxToWEwp9b1J2vApQ=
github.com/brianvoe/gofakeit/v7 v7.3.0/go.mod h1:QXuPeBw164PJCzCUZVmgpgHJ3Llj49jSLVkKPMtxtxA=
github.com/creack/pty v1.1.9/go.mod h1:oKZEueFk5CKHvIhNR5MUki03XCEU+Q6VDXinZuGJ33E=
github.com/creasty/defaults v1.8.0 h1:z27FJxCAa0JKt3utc0sCImAEb+spPucmKoOdLHvHYKk=
github.com/creasty/defaults v1.8.0/go.mod h1:iGzKe6pbEHnpMPtfDXZEr0NVxWnPTjb1bbDy08fPzYM=
github.com/davecgh/go-spew v1.1.1 h1:vj9j/u1bqnvCEfJOwUhtlOARqs3+rkHYY13jYWTU97c=
github.com/davecgh/go-spew v1.1.1/go.mod h1:J7Y8YcW2NihsgmVo/mv3lAwl/skON4iLHjSsI+c5H38=
github.com/gabriel-vasile/mimetype v1.4.8 h1:FfZ3gj38NjllZIeJAmMhr+qKL8Wu+nOoI3GqacKw1NM=
github.com/gabriel-vasile/mimetype v1.4.8/go.mod h1:ByKUIKGjh1ODkGM1asKUbQZOLGrPjydw3hYPU2YU9t8=
github.com/go-chi/chi/v5 v5.2.2 h1:CMwsvRVTbXVytCk1Wd72Zy1LAsAh9GxMmSNWLHCG618=
github.com/go-chi/chi/v5 v5.2.2/go.mod h1:L2yAIGWB3H+phAw1NxKwWM+7eUH/lU8pOMm5hHcoops=
github.com/go-playground/assert/v2 v2.2.0 h1:JvknZsQTYeFEAhQwI4qEt9cyV5ONwRHC+lYKSsYSR8s=
github.com/go-playground/assert/v2 v2.2.0/go.mod h1:VDjEfimB/XKnb+ZQfWdccd7VUvScMdVu0Titje2rxJ4=
github.com/go-playground/locales v0.14.1 h1:EWaQ/wswjilfKLTECiXz7Rh+3BjFhfDFKv/oXslEjJA=
github.com/go-playground/locales v0.14.1/go.mod h1:hxrqLVvrK65+Rwrd5Fc6F2O76J/NuW9t0sjnWqG1slY=
github.com/go-playground/universal-translator v0.18.1 h1:Bcnm0ZwsGyWbCzImXv+pAJnYK9S473LQFuzCbDbfSFY=
github.com/go-playground/universal-translator v0.18.1/go.mod h1:xekY+UJKNuX9WP91TpwSH2VMlDf28Uj24BCp08ZFTUY=
github.com/go-playground/validator/v10 v10.27.0 h1:w8+XrWVMhGkxOaaowyKH35gFydVHOvC0/uWoy2Fzwn4=
github.com/go-playground/validator/v10 v10.27.0/go.mod h1:I5QpIEbmr8On7W0TktmJAumgzX4CA1XNl4ZmDuVHKKo=
github.com/kr/text v0.2.0 h1:5Nx0Ya0ZqY2ygV366QzturHI13Jq95ApcVaJBhpS+AY=
github.com/kr/text v0.2.0/go.mod h1:eLer722TekiGuMkidMxC/pM04lWEeraHUUmBw8l2grE=
github.com/leodido/go-urn v1.4.0 h1:WT9HwE9SGECu3lg4d/dIA+jxlljEa1/ffXKmRjqdmIQ=
github.com/leodido/go-urn v1.4.0/go.mod h1:bvxc+MVxLKB4z00jd1z+Dvzr47oO32F/QSNjSBOlFxI=
github.com/niemeyer/pretty v0.0.0-20200227124842-a10e7caefd8e h1:fD57ERR4JtEqsWbfPhv4DMiApHyliiK5xCTNVSPiaAs=
github.com/niemeyer/pretty v0.0.0-20200227124842-a10e7caefd8e/go.mod h1:zD1mROLANZcx1PVRCS0qkT7pwLkGfwJo4zjcN/Tysno=
github.com/orange-cloudavenue/common-go/extractor v1.0.1 h1:NJ1KINgzLfXBFkgloLbNpYvh5E6bmBF2EEs1d2Wp6A0=
github.com/orange-cloudavenue/common-go/extractor v1.0.1/go.mod h1:+vYlSmaZE5uOHO5m5+vtVPa2OmAXukU0+5FE7hMMu04=
github.com/orange-cloudavenue/common-go/generator v1.3.2 h1:T8sjXzRHkS9B3Y9aOvq/HLbKfFUPSSg/hXM2jo/VnGs=
github.com/orange-cloudavenue/common-go/generator v1.3.2/go.mod h1:BHmH3VekokVM/ePhYVVVxtwAMd3oHqJi86m25HM2zkI=
github.com/orange-cloudavenue/common-go/internal/regex v0.0.0-20250812201424-07c3423160b3 h1:LvDc/VwHDkB9IfEdYf6y1m7GMnwV2bTw/P4BkO+wxY8=
github.com/orange-cloudavenue/common-go/internal/regex v0.0.0-20250812201424-07c3423160b3/go.mod h1:T7OxerHaO1q+P6ue/Ka93aoUQK8syveiYhfZaJBMfP0=
github.com/orange-cloudavenue/common-go/strcase v1.0.0 h1:96+dUHYq91/hiXY/DKO9HGTP3FMsSLikcf/xsp7tqLw=
github.com/orange-cloudavenue/common-go/strcase v1.0.0/go.mod h1:WGZdlDEE39Yar+OU9pgjMGXMlQWgJrgOOc4q72qNVGE=
github.com/orange-cloudavenue/common-go/urn v1.2.0 h1:FWjMj4aiCJwTb6UAGavthmTTE/KSKGFc3bi2cbNk3r8=
github.com/orange-cloudavenue/common-go/urn v1.2.0/go.mod h1:yXpk5u8KLhpCxmR6uugaKZB/YgsrGg08TZ5XQdybHKs=
github.com/orange-cloudavenue/common-go/utils v1.0.0 h1:9dUiS72eRXTrOFpomF3IexjfUF5USH9J49w7cUos+rI=
github.com/orange-cloudavenue/common-go/utils v1.0.0/go.mod h1:LhE0UATOSRLoazdYuxvDAwKvTUuyVg4Ny+3XXdETU+0=
github.com/orange-cloudavenue/common-go/validators v1.1.3 h1:n5a1o4hZPRJQ8eIlOiTpcH+raByaZKguiMaVbNjc2fA=
github.com/orange-cloudavenue/common-go/validators v1.1.3/go.mod h1:OVrrVNeUaQvDu19/EYhbUrX+nA5N9M1ea3SsBTpm2r0=
github.com/pmezard/go-difflib v1.0.0 h1:4DBwDE0NGyQoBHbLQYPwSUPoCMWR5BEzIk/f1lZbAQM=
github.com/pmezard/go-difflib v1.0.0/go.mod h1:iKH77koFhYxTK1pcRnkKkqfTogsbg7gZNVY4sRDYZ/4=
github.com/quasilyte/go-ruleguard/dsl v0.3.22 h1:wd8zkOhSNr+I+8Qeciml08ivDt1pSXe60+5DqOpCjPE=
github.com/quasilyte/go-ruleguard/dsl v0.3.22/go.mod h1:KeCP03KrjuSO0H1kTuZQCWlQPulDV6YMIXmpQss17rU=
github.com/stretchr/testify v1.11.0 h1:ib4sjIrwZKxE5u/Japgo/7SJV3PvgjGiRNAvTVGqQl8=
github.com/stretchr/testify v1.11.0/go.mod h1:wZwfW3scLgRK+23gO65QZefKpKQRnfz6sD981Nm4B6U=
golang.org/x/crypto v0.40.0 h1:r4x+VvoG5Fm+eJcxMaY8CQM7Lb0l1lsmjGBQ6s8BfKM=
golang.org/x/crypto v0.40.0/go.mod h1:Qr1vMER5WyS2dfPHAlsOj01wgLbsyWtFn/aY+5+ZdxY=
golang.org/x/net v0.42.0 h1:jzkYrhi3YQWD6MLBJcsklgQsoAcw89EcZbJw8Z614hs=
golang.org/x/net v0.42.0/go.mod h1:FF1RA5d3u7nAYA4z2TkclSCKh68eSXtiFwcWQpPXdt8=
golang.org/x/sync v0.16.0 h1:ycBJEhp9p4vXvUZNszeOq0kGTPghopOL8q0fq3vstxw=
golang.org/x/sync v0.16.0/go.mod h1:1dzgHSNfp02xaA81J2MS99Qcpr2w7fw1gpm99rleRqA=
golang.org/x/sys v0.34.0 h1:H5Y5sJ2L2JRdyv7ROF1he/lPdvFsd0mJHFw2ThKHxLA=
golang.org/x/sys v0.34.0/go.mod h1:BJP2sWEmIv4KK5OTEluFJCKSidICx8ciO85XgH3Ak8k=
golang.org/x/text v0.28.0 h1:rhazDwis8INMIwQ4tpjLDzUhx6RlXqZNPEM0huQojng=
golang.org/x/text v0.28.0/go.mod h1:U8nCwOR8jO/marOQ0QbDiOngZVEBB7MAiitBuMjXiNU=
gopkg.in/check.v1 v0.0.0-20161208181325-20d25e280405/go.mod h1:Co6ibVJAznAaIkqp8huTwlJQCZ016jof/cbN4VW5Yz0=
gopkg.in/check.v1 v1.0.0-20200227125254-8fa46927fb4f h1:BLraFXnmrev5lT+xlilqcH8XK9/i0At2xKjWk4p6zsU=
gopkg.in/check.v1 v1.0.0-20200227125254-8fa46927fb4f/go.mod h1:Co6ibVJAznAaIkqp8huTwlJQCZ016jof/cbN4VW5Yz0=
gopkg.in/yaml.v3 v3.0.1 h1:fxVm/GzAzEWqLHuvctI91KS9hhNmmWOoWu0XTYJS7CA=
gopkg.in/yaml.v3 v3.0.1/go.mod h1:K4uyk7z7BCEPqu6E+C64Yfv1cQ7kz7rIZviUmN+EgEM=
resty.dev/v3 v3.0.0-beta.3 h1:3kEwzEgCnnS6Ob4Emlk94t+I/gClyoah7SnNi67lt+E=
resty.dev/v3 v3.0.0-beta.3/go.mod h1:OgkqiPvTDtOuV4MGZuUDhwOpkY8enjOsjjMzeOHefy4=
